github.com/goyek/goyek v0.5.0 h1:/2MrI4oaGU1IQG0LdQMKD9qFezwKab3q/WGB53L83M8=
github.com/goyek/goyek v0.5.0/go.mod h1:UGjZz3juJL2l2eMqRbxQYjG8ieyKb7WMYPv0KB0KVxA=
github.com/matryer/is v1.4.0 h1:sosSmIWwkYITGrxZ25ULNDeKiMNzFSr4V/eqBQP0PeE=
github.com/matryer/is v1.4.0/go.mod h1:8I/i5uYgLzgsgEloJE1U6xx5HkBQpAZvepWuujKwMRU=
